
Microsoft Visual Studio Solution File, Format Version 12.00
# Visual Studio Version 16
VisualStudioVersion = 16.0.30517.126
MinimumVisualStudioVersion = 10.0.40219.1
Project("{FAE04EC0-301F-11D3-BF4B-00C04F79EFBC}") = "ImportToDatabase", "ImportToDatabase.csproj", "{C0EC02B6-B32D-4799-81C3-A63AC1253F92}"
EndProject
Global
	GlobalSection(SolutionConfigurationPlatforms) = preSolution
		Debug|Any CPU = Debug|Any CPU
		Release|Any CPU = Release|Any CPU
	EndGlobalSection
	GlobalSection(ProjectConfigurationPlatforms) = postSolution
		{C0EC02B6-B32D-4799-81C3-A63AC1253F92}.Debug|Any CPU.ActiveCfg = Debug|Any CPU
		{C0EC02B6-B32D-4799-81C3-A63AC1253F92}.Debug|Any CPU.Build.0 = Debug|Any CPU
		{C0EC02B6-B32D-4799-81C3-A63AC1253F92}.Release|Any CPU.ActiveCfg = Release|Any CPU
		{C0EC02B6-B32D-4799-81C3-A63AC1253F92}.Release|Any CPU.Build.0 = Release|Any CPU
	EndGlobalSection
	GlobalSection(SolutionProperties) = preSolution
		HideSolutionNode = FALSE
	EndGlobalSection
	GlobalSection(ExtensibilityGlobals) = postSolution
		SolutionGuid = {0717B316-C4E9-461D-B49F-D2CF0457C505}
	EndGlobalSection
EndGlobal
